schema: '2.0'
stages:
  prepare:
    cmd: echo "Verificando que los datos existen..."
    deps:
    - path: data/iris_dataset.csv
      hash: md5
      md5: 6adb28f6d5d0b81fd37ba17870bb8359
      size: 2795
  train:
    cmd: python train.py --n_estimators 300
    deps:
    - path: data/iris_dataset.csv
      hash: md5
      md5: 6adb28f6d5d0b81fd37ba17870bb8359
      size: 2795
    - path: requirements.txt
      hash: md5
      md5: 89c6cadc9efa0815d76431035fcd58e1
      size: 100
    - path: train.py
      hash: md5
      md5: 9f7629ec89ed3db0f9cd93ca33a5805e
      size: 2991
    params:
      params.yaml:
        train.n_estimators: 300
    outs:
    - path: confusion_matrix.png
      hash: md5
      md5: 4ebe6634056a83d2212c052566468766
      size: 20725
    - path: mlflow_metrics.json
      hash: md5
      md5: c23a4b845cfcb729bc77225aaa6b5134
      size: 32
    - path: model.pkl
      hash: md5
      md5: 3cf5ed4634cba2a7495b6b2f7958e05c
      size: 525777
